
Microsoft Visual Studio Solution File, Format Version 11.00
# Visual Studio 2010
Project("{2150E333-8FDC-42A3-9474-1A3956D46DE8}") = "_dependencies", "_dependencies", "{99B642BB-3A48-4A1C-AA72-5CF0330F689C}"
EndProject
Project("{8BC9CEB8-8B4A-11D0-8D11-00A0C91BC942}") = "ooge", "ooge\ooge.vcxproj", "{5251D413-D6BD-449C-ADEF-7329B9D030C3}"
EndProject
Project("{8BC9CEB8-8B4A-11D0-8D11-00A0C91BC942}") = "freetype", "dependencies\freetype\builds\win32\vc2008\freetype.vcxproj", "{78B079BD-9FC7-4B9E-B4A6-96DA0F00248B}"
EndProject
Project("{8BC9CEB8-8B4A-11D0-8D11-00A0C91BC942}") = "glew_shared", "dependencies\glew\build\vc6\glew_shared.vcxproj", "{DA6A8E5E-AC92-4A7D-AB93-9F86FC2C2B53}"
EndProject
Project("{8BC9CEB8-8B4A-11D0-8D11-00A0C91BC942}") = "GLFWDLL", "dependencies\glfw\support\msvc80\GLFWDLL.vcxproj", "{EE39B12C-97CF-4172-81FD-6ADE6B7F7B7B}"
EndProject
Project("{8BC9CEB8-8B4A-11D0-8D11-00A0C91BC942}") = "SOIL", "dependencies\soil\projects\VC9\SOIL.vcxproj", "{C32FB2B4-500C-43CD-A099-EECCE079D3F1}"
EndProject
Global
	GlobalSection(SolutionConfigurationPlatforms) = preSolution
		Debug Multithreaded|Win32 = Debug Multithreaded|Win32
		Debug MX|Win32 = Debug MX|Win32
		Debug Singlethreaded|Win32 = Debug Singlethreaded|Win32
		Debug|Win32 = Debug|Win32
		DebugDynamic|Win32 = DebugDynamic|Win32
		DebugStatic|Win32 = DebugStatic|Win32
		MinSizeRel|Win32 = MinSizeRel|Win32
		Release Multithreaded|Win32 = Release Multithreaded|Win32
		Release MX|Win32 = Release MX|Win32
		Release Singlethreaded|Win32 = Release Singlethreaded|Win32
		Release|Win32 = Release|Win32
		ReleaseDynamic|Win32 = ReleaseDynamic|Win32
		ReleaseStatic|Win32 = ReleaseStatic|Win32
		RelWithDebInfo|Win32 = RelWithDebInfo|Win32
	EndGlobalSection
	GlobalSection(ProjectConfigurationPlatforms) = postSolution
		{5251D413-D6BD-449C-ADEF-7329B9D030C3}.Debug Multithreaded|Win32.ActiveCfg = Debug|Win32
		{5251D413-D6BD-449C-ADEF-7329B9D030C3}.Debug Multithreaded|Win32.Build.0 = Debug|Win32
		{5251D413-D6BD-449C-ADEF-7329B9D030C3}.Debug MX|Win32.ActiveCfg = Debug|Win32
		{5251D413-D6BD-449C-ADEF-7329B9D030C3}.Debug MX|Win32.Build.0 = Debug|Win32
		{5251D413-D6BD-449C-ADEF-7329B9D030C3}.Debug Singlethreaded|Win32.ActiveCfg = Debug|Win32
		{5251D413-D6BD-449C-ADEF-7329B9D030C3}.Debug Singlethreaded|Win32.Build.0 = Debug|Win32
		{5251D413-D6BD-449C-ADEF-7329B9D030C3}.Debug|Win32.ActiveCfg = Debug|Win32
		{5251D413-D6BD-449C-ADEF-7329B9D030C3}.Debug|Win32.Build.0 = Debug|Win32
		{5251D413-D6BD-449C-ADEF-7329B9D030C3}.DebugDynamic|Win32.ActiveCfg = DebugDynamic|Win32
		{5251D413-D6BD-449C-ADEF-7329B9D030C3}.DebugDynamic|Win32.Build.0 = DebugDynamic|Win32
		{5251D413-D6BD-449C-ADEF-7329B9D030C3}.DebugStatic|Win32.ActiveCfg = DebugStatic|Win32
		{5251D413-D6BD-449C-ADEF-7329B9D030C3}.DebugStatic|Win32.Build.0 = DebugStatic|Win32
		{5251D413-D6BD-449C-ADEF-7329B9D030C3}.MinSizeRel|Win32.ActiveCfg = Release|Win32
		{5251D413-D6BD-449C-ADEF-7329B9D030C3}.MinSizeRel|Win32.Build.0 = Release|Win32
		{5251D413-D6BD-449C-ADEF-7329B9D030C3}.Release Multithreaded|Win32.ActiveCfg = Release|Win32
		{5251D413-D6BD-449C-ADEF-7329B9D030C3}.Release Multithreaded|Win32.Build.0 = Release|Win32
		{5251D413-D6BD-449C-ADEF-7329B9D030C3}.Release MX|Win32.ActiveCfg = Release|Win32
		{5251D413-D6BD-449C-ADEF-7329B9D030C3}.Release MX|Win32.Build.0 = Release|Win32
		{5251D413-D6BD-449C-ADEF-7329B9D030C3}.Release Singlethreaded|Win32.ActiveCfg = Release|Win32
		{5251D413-D6BD-449C-ADEF-7329B9D030C3}.Release Singlethreaded|Win32.Build.0 = Release|Win32
		{5251D413-D6BD-449C-ADEF-7329B9D030C3}.Release|Win32.ActiveCfg = Release|Win32
		{5251D413-D6BD-449C-ADEF-7329B9D030C3}.Release|Win32.Build.0 = Release|Win32
		{5251D413-D6BD-449C-ADEF-7329B9D030C3}.ReleaseDynamic|Win32.ActiveCfg = ReleaseDynamic|Win32
		{5251D413-D6BD-449C-ADEF-7329B9D030C3}.ReleaseDynamic|Win32.Build.0 = ReleaseDynamic|Win32
		{5251D413-D6BD-449C-ADEF-7329B9D030C3}.ReleaseStatic|Win32.ActiveCfg = ReleaseDynamic|Win32
		{5251D413-D6BD-449C-ADEF-7329B9D030C3}.ReleaseStatic|Win32.Build.0 = ReleaseDynamic|Win32
		{5251D413-D6BD-449C-ADEF-7329B9D030C3}.RelWithDebInfo|Win32.ActiveCfg = Release|Win32
		{5251D413-D6BD-449C-ADEF-7329B9D030C3}.RelWithDebInfo|Win32.Build.0 = Release|Win32
		{78B079BD-9FC7-4B9E-B4A6-96DA0F00248B}.Debug Multithreaded|Win32.ActiveCfg = Debug Multithreaded|Win32
		{78B079BD-9FC7-4B9E-B4A6-96DA0F00248B}.Debug Multithreaded|Win32.Build.0 = Debug Multithreaded|Win32
		{78B079BD-9FC7-4B9E-B4A6-96DA0F00248B}.Debug MX|Win32.ActiveCfg = Debug Multithreaded|Win32
		{78B079BD-9FC7-4B9E-B4A6-96DA0F00248B}.Debug MX|Win32.Build.0 = Debug Multithreaded|Win32
		{78B079BD-9FC7-4B9E-B4A6-96DA0F00248B}.Debug Singlethreaded|Win32.ActiveCfg = Debug Singlethreaded|Win32
		{78B079BD-9FC7-4B9E-B4A6-96DA0F00248B}.Debug Singlethreaded|Win32.Build.0 = Debug Singlethreaded|Win32
		{78B079BD-9FC7-4B9E-B4A6-96DA0F00248B}.Debug|Win32.ActiveCfg = Debug|Win32
		{78B079BD-9FC7-4B9E-B4A6-96DA0F00248B}.Debug|Win32.Build.0 = Debug|Win32
		{78B079BD-9FC7-4B9E-B4A6-96DA0F00248B}.DebugDynamic|Win32.ActiveCfg = Debug Multithreaded|Win32
		{78B079BD-9FC7-4B9E-B4A6-96DA0F00248B}.DebugDynamic|Win32.Build.0 = Debug Multithreaded|Win32
		{78B079BD-9FC7-4B9E-B4A6-96DA0F00248B}.DebugStatic|Win32.ActiveCfg = Debug Multithreaded|Win32
		{78B079BD-9FC7-4B9E-B4A6-96DA0F00248B}.DebugStatic|Win32.Build.0 = Debug Multithreaded|Win32
		{78B079BD-9FC7-4B9E-B4A6-96DA0F00248B}.MinSizeRel|Win32.ActiveCfg = Debug Multithreaded|Win32
		{78B079BD-9FC7-4B9E-B4A6-96DA0F00248B}.MinSizeRel|Win32.Build.0 = Debug Multithreaded|Win32
		{78B079BD-9FC7-4B9E-B4A6-96DA0F00248B}.Release Multithreaded|Win32.ActiveCfg = Release Multithreaded|Win32
		{78B079BD-9FC7-4B9E-B4A6-96DA0F00248B}.Release Multithreaded|Win32.Build.0 = Release Multithreaded|Win32
		{78B079BD-9FC7-4B9E-B4A6-96DA0F00248B}.Release MX|Win32.ActiveCfg = Release Multithreaded|Win32
		{78B079BD-9FC7-4B9E-B4A6-96DA0F00248B}.Release MX|Win32.Build.0 = Release Multithreaded|Win32
		{78B079BD-9FC7-4B9E-B4A6-96DA0F00248B}.Release Singlethreaded|Win32.ActiveCfg = Release Singlethreaded|Win32
		{78B079BD-9FC7-4B9E-B4A6-96DA0F00248B}.Release Singlethreaded|Win32.Build.0 = Release Singlethreaded|Win32
		{78B079BD-9FC7-4B9E-B4A6-96DA0F00248B}.Release|Win32.ActiveCfg = Release|Win32
		{78B079BD-9FC7-4B9E-B4A6-96DA0F00248B}.Release|Win32.Build.0 = Release|Win32
		{78B079BD-9FC7-4B9E-B4A6-96DA0F00248B}.ReleaseDynamic|Win32.ActiveCfg = Release Singlethreaded|Win32
		{78B079BD-9FC7-4B9E-B4A6-96DA0F00248B}.ReleaseDynamic|Win32.Build.0 = Release Singlethreaded|Win32
		{78B079BD-9FC7-4B9E-B4A6-96DA0F00248B}.ReleaseStatic|Win32.ActiveCfg = Release Singlethreaded|Win32
		{78B079BD-9FC7-4B9E-B4A6-96DA0F00248B}.ReleaseStatic|Win32.Build.0 = Release Singlethreaded|Win32
		{78B079BD-9FC7-4B9E-B4A6-96DA0F00248B}.RelWithDebInfo|Win32.ActiveCfg = Release Singlethreaded|Win32
		{78B079BD-9FC7-4B9E-B4A6-96DA0F00248B}.RelWithDebInfo|Win32.Build.0 = Release Singlethreaded|Win32
		{DA6A8E5E-AC92-4A7D-AB93-9F86FC2C2B53}.Debug Multithreaded|Win32.ActiveCfg = Debug MX|Win32
		{DA6A8E5E-AC92-4A7D-AB93-9F86FC2C2B53}.Debug Multithreaded|Win32.Build.0 = Debug MX|Win32
		{DA6A8E5E-AC92-4A7D-AB93-9F86FC2C2B53}.Debug MX|Win32.ActiveCfg = Debug MX|Win32
		{DA6A8E5E-AC92-4A7D-AB93-9F86FC2C2B53}.Debug MX|Win32.Build.0 = Debug MX|Win32
		{DA6A8E5E-AC92-4A7D-AB93-9F86FC2C2B53}.Debug Singlethreaded|Win32.ActiveCfg = Debug MX|Win32
		{DA6A8E5E-AC92-4A7D-AB93-9F86FC2C2B53}.Debug Singlethreaded|Win32.Build.0 = Debug MX|Win32
		{DA6A8E5E-AC92-4A7D-AB93-9F86FC2C2B53}.Debug|Win32.ActiveCfg = Debug|Win32
		{DA6A8E5E-AC92-4A7D-AB93-9F86FC2C2B53}.Debug|Win32.Build.0 = Debug|Win32
		{DA6A8E5E-AC92-4A7D-AB93-9F86FC2C2B53}.DebugDynamic|Win32.ActiveCfg = Debug|Win32
		{DA6A8E5E-AC92-4A7D-AB93-9F86FC2C2B53}.DebugDynamic|Win32.Build.0 = Debug|Win32
		{DA6A8E5E-AC92-4A7D-AB93-9F86FC2C2B53}.DebugStatic|Win32.ActiveCfg = Debug|Win32
		{DA6A8E5E-AC92-4A7D-AB93-9F86FC2C2B53}.DebugStatic|Win32.Build.0 = Debug|Win32
		{DA6A8E5E-AC92-4A7D-AB93-9F86FC2C2B53}.MinSizeRel|Win32.ActiveCfg = Release MX|Win32
		{DA6A8E5E-AC92-4A7D-AB93-9F86FC2C2B53}.MinSizeRel|Win32.Build.0 = Release MX|Win32
		{DA6A8E5E-AC92-4A7D-AB93-9F86FC2C2B53}.Release Multithreaded|Win32.ActiveCfg = Release MX|Win32
		{DA6A8E5E-AC92-4A7D-AB93-9F86FC2C2B53}.Release Multithreaded|Win32.Build.0 = Release MX|Win32
		{DA6A8E5E-AC92-4A7D-AB93-9F86FC2C2B53}.Release MX|Win32.ActiveCfg = Release MX|Win32
		{DA6A8E5E-AC92-4A7D-AB93-9F86FC2C2B53}.Release MX|Win32.Build.0 = Release MX|Win32
		{DA6A8E5E-AC92-4A7D-AB93-9F86FC2C2B53}.Release Singlethreaded|Win32.ActiveCfg = Release MX|Win32
		{DA6A8E5E-AC92-4A7D-AB93-9F86FC2C2B53}.Release Singlethreaded|Win32.Build.0 = Release MX|Win32
		{DA6A8E5E-AC92-4A7D-AB93-9F86FC2C2B53}.Release|Win32.ActiveCfg = Release|Win32
		{DA6A8E5E-AC92-4A7D-AB93-9F86FC2C2B53}.Release|Win32.Build.0 = Release|Win32
		{DA6A8E5E-AC92-4A7D-AB93-9F86FC2C2B53}.ReleaseDynamic|Win32.ActiveCfg = Release MX|Win32
		{DA6A8E5E-AC92-4A7D-AB93-9F86FC2C2B53}.ReleaseDynamic|Win32.Build.0 = Release MX|Win32
		{DA6A8E5E-AC92-4A7D-AB93-9F86FC2C2B53}.ReleaseStatic|Win32.ActiveCfg = Release MX|Win32
		{DA6A8E5E-AC92-4A7D-AB93-9F86FC2C2B53}.ReleaseStatic|Win32.Build.0 = Release MX|Win32
		{DA6A8E5E-AC92-4A7D-AB93-9F86FC2C2B53}.RelWithDebInfo|Win32.ActiveCfg = Release MX|Win32
		{DA6A8E5E-AC92-4A7D-AB93-9F86FC2C2B53}.RelWithDebInfo|Win32.Build.0 = Release MX|Win32
		{EE39B12C-97CF-4172-81FD-6ADE6B7F7B7B}.Debug Multithreaded|Win32.ActiveCfg = Debug|Win32
		{EE39B12C-97CF-4172-81FD-6ADE6B7F7B7B}.Debug Multithreaded|Win32.Build.0 = Debug|Win32
		{EE39B12C-97CF-4172-81FD-6ADE6B7F7B7B}.Debug MX|Win32.ActiveCfg = Debug|Win32
		{EE39B12C-97CF-4172-81FD-6ADE6B7F7B7B}.Debug MX|Win32.Build.0 = Debug|Win32
		{EE39B12C-97CF-4172-81FD-6ADE6B7F7B7B}.Debug Singlethreaded|Win32.ActiveCfg = Debug|Win32
		{EE39B12C-97CF-4172-81FD-6ADE6B7F7B7B}.Debug Singlethreaded|Win32.Build.0 = Debug|Win32
		{EE39B12C-97CF-4172-81FD-6ADE6B7F7B7B}.Debug|Win32.ActiveCfg = Debug|Win32
		{EE39B12C-97CF-4172-81FD-6ADE6B7F7B7B}.Debug|Win32.Build.0 = Debug|Win32
		{EE39B12C-97CF-4172-81FD-6ADE6B7F7B7B}.DebugDynamic|Win32.ActiveCfg = Debug|Win32
		{EE39B12C-97CF-4172-81FD-6ADE6B7F7B7B}.DebugDynamic|Win32.Build.0 = Debug|Win32
		{EE39B12C-97CF-4172-81FD-6ADE6B7F7B7B}.DebugStatic|Win32.ActiveCfg = Debug|Win32
		{EE39B12C-97CF-4172-81FD-6ADE6B7F7B7B}.DebugStatic|Win32.Build.0 = Debug|Win32
		{EE39B12C-97CF-4172-81FD-6ADE6B7F7B7B}.MinSizeRel|Win32.ActiveCfg = Release|Win32
		{EE39B12C-97CF-4172-81FD-6ADE6B7F7B7B}.MinSizeRel|Win32.Build.0 = Release|Win32
		{EE39B12C-97CF-4172-81FD-6ADE6B7F7B7B}.Release Multithreaded|Win32.ActiveCfg = Release|Win32
		{EE39B12C-97CF-4172-81FD-6ADE6B7F7B7B}.Release Multithreaded|Win32.Build.0 = Release|Win32
		{EE39B12C-97CF-4172-81FD-6ADE6B7F7B7B}.Release MX|Win32.ActiveCfg = Release|Win32
		{EE39B12C-97CF-4172-81FD-6ADE6B7F7B7B}.Release MX|Win32.Build.0 = Release|Win32
		{EE39B12C-97CF-4172-81FD-6ADE6B7F7B7B}.Release Singlethreaded|Win32.ActiveCfg = Release|Win32
		{EE39B12C-97CF-4172-81FD-6ADE6B7F7B7B}.Release Singlethreaded|Win32.Build.0 = Release|Win32
		{EE39B12C-97CF-4172-81FD-6ADE6B7F7B7B}.Release|Win32.ActiveCfg = Release|Win32
		{EE39B12C-97CF-4172-81FD-6ADE6B7F7B7B}.Release|Win32.Build.0 = Release|Win32
		{EE39B12C-97CF-4172-81FD-6ADE6B7F7B7B}.ReleaseDynamic|Win32.ActiveCfg = Release|Win32
		{EE39B12C-97CF-4172-81FD-6ADE6B7F7B7B}.ReleaseDynamic|Win32.Build.0 = Release|Win32
		{EE39B12C-97CF-4172-81FD-6ADE6B7F7B7B}.ReleaseStatic|Win32.ActiveCfg = Release|Win32
		{EE39B12C-97CF-4172-81FD-6ADE6B7F7B7B}.ReleaseStatic|Win32.Build.0 = Release|Win32
		{EE39B12C-97CF-4172-81FD-6ADE6B7F7B7B}.RelWithDebInfo|Win32.ActiveCfg = Release|Win32
		{EE39B12C-97CF-4172-81FD-6ADE6B7F7B7B}.RelWithDebInfo|Win32.Build.0 = Release|Win32
		{C32FB2B4-500C-43CD-A099-EECCE079D3F1}.Debug Multithreaded|Win32.ActiveCfg = Debug|Win32
		{C32FB2B4-500C-43CD-A099-EECCE079D3F1}.Debug Multithreaded|Win32.Build.0 = Debug|Win32
		{C32FB2B4-500C-43CD-A099-EECCE079D3F1}.Debug MX|Win32.ActiveCfg = Debug|Win32
		{C32FB2B4-500C-43CD-A099-EECCE079D3F1}.Debug MX|Win32.Build.0 = Debug|Win32
		{C32FB2B4-500C-43CD-A099-EECCE079D3F1}.Debug Singlethreaded|Win32.ActiveCfg = Debug|Win32
		{C32FB2B4-500C-43CD-A099-EECCE079D3F1}.Debug Singlethreaded|Win32.Build.0 = Debug|Win32
		{C32FB2B4-500C-43CD-A099-EECCE079D3F1}.Debug|Win32.ActiveCfg = Debug|Win32
		{C32FB2B4-500C-43CD-A099-EECCE079D3F1}.Debug|Win32.Build.0 = Debug|Win32
		{C32FB2B4-500C-43CD-A099-EECCE079D3F1}.DebugDynamic|Win32.ActiveCfg = Debug|Win32
		{C32FB2B4-500C-43CD-A099-EECCE079D3F1}.DebugDynamic|Win32.Build.0 = Debug|Win32
		{C32FB2B4-500C-43CD-A099-EECCE079D3F1}.DebugStatic|Win32.ActiveCfg = Debug|Win32
		{C32FB2B4-500C-43CD-A099-EECCE079D3F1}.DebugStatic|Win32.Build.0 = Debug|Win32
		{C32FB2B4-500C-43CD-A099-EECCE079D3F1}.MinSizeRel|Win32.ActiveCfg = Release|Win32
		{C32FB2B4-500C-43CD-A099-EECCE079D3F1}.MinSizeRel|Win32.Build.0 = Release|Win32
		{C32FB2B4-500C-43CD-A099-EECCE079D3F1}.Release Multithreaded|Win32.ActiveCfg = Release|Win32
		{C32FB2B4-500C-43CD-A099-EECCE079D3F1}.Release Multithreaded|Win32.Build.0 = Release|Win32
		{C32FB2B4-500C-43CD-A099-EECCE079D3F1}.Release MX|Win32.ActiveCfg = Release|Win32
		{C32FB2B4-500C-43CD-A099-EECCE079D3F1}.Release MX|Win32.Build.0 = Release|Win32
		{C32FB2B4-500C-43CD-A099-EECCE079D3F1}.Release Singlethreaded|Win32.ActiveCfg = Release|Win32
		{C32FB2B4-500C-43CD-A099-EECCE079D3F1}.Release Singlethreaded|Win32.Build.0 = Release|Win32
		{C32FB2B4-500C-43CD-A099-EECCE079D3F1}.Release|Win32.ActiveCfg = Release|Win32
		{C32FB2B4-500C-43CD-A099-EECCE079D3F1}.Release|Win32.Build.0 = Release|Win32
		{C32FB2B4-500C-43CD-A099-EECCE079D3F1}.ReleaseDynamic|Win32.ActiveCfg = Release|Win32
		{C32FB2B4-500C-43CD-A099-EECCE079D3F1}.ReleaseDynamic|Win32.Build.0 = Release|Win32
		{C32FB2B4-500C-43CD-A099-EECCE079D3F1}.ReleaseStatic|Win32.ActiveCfg = Release|Win32
		{C32FB2B4-500C-43CD-A099-EECCE079D3F1}.ReleaseStatic|Win32.Build.0 = Release|Win32
		{C32FB2B4-500C-43CD-A099-EECCE079D3F1}.RelWithDebInfo|Win32.ActiveCfg = Release|Win32
		{C32FB2B4-500C-43CD-A099-EECCE079D3F1}.RelWithDebInfo|Win32.Build.0 = Release|Win32
	EndGlobalSection
	GlobalSection(SolutionProperties) = preSolution
		HideSolutionNode = FALSE
	EndGlobalSection
	GlobalSection(NestedProjects) = preSolution
		{78B079BD-9FC7-4B9E-B4A6-96DA0F00248B} = {99B642BB-3A48-4A1C-AA72-5CF0330F689C}
		{DA6A8E5E-AC92-4A7D-AB93-9F86FC2C2B53} = {99B642BB-3A48-4A1C-AA72-5CF0330F689C}
		{EE39B12C-97CF-4172-81FD-6ADE6B7F7B7B} = {99B642BB-3A48-4A1C-AA72-5CF0330F689C}
		{C32FB2B4-500C-43CD-A099-EECCE079D3F1} = {99B642BB-3A48-4A1C-AA72-5CF0330F689C}
	EndGlobalSection
EndGlobal
